<?xml version="1.0" encoding="utf-8"?>
<Project ToolsVersion="4.0" xmlns="http://schemas.microsoft.com/developer/msbuild/2003">
  <ItemGroup>
    <Filter Include="App">
      <UniqueIdentifier>{46D6870B-B2DF-877C-3B5B-9E7CA763937C}</UniqueIdentifier>
    </Filter>
    <Filter Include="Engine">
      <UniqueIdentifier>{DBC7D3B0-C769-FE86-B024-12DB9C6585D7}</UniqueIdentifier>
    </Filter>
    <Filter Include="Engine\Graphics">
      <UniqueIdentifier>{7B960115-E721-6FD9-F032-F2CD5C3DCBD9}</UniqueIdentifier>
    </Filter>
    <Filter Include="Engine\Graphics\Core">
      <UniqueIdentifier>{B3FFD265-9F8E-5C2F-48AD-702A341B6DD5}</UniqueIdentifier>
    </Filter>
    <Filter Include="Engine\Utils">
      <UniqueIdentifier>{7B014596-6764-D43A-10EA-0CF1FC2BA0BD}</UniqueIdentifier>
    </Filter>
  </ItemGroup>
  <ItemGroup>
    <ClInclude Include="Source\App\AppWindow.h">
      <Filter>App</Filter>
    </ClInclude>
    <ClInclude Include="Source\Engine\Graphics\Core\ConstantBuffer.h">
      <Filter>Engine\Graphics\Core</Filter>
    </ClInclude>
    <ClInclude Include="Source\Engine\Graphics\Core\DeviceContext.h">
      <Filter>Engine\Graphics\Core</Filter>
    </ClInclude>
    <ClInclude Include="Source\Engine\Graphics\Core\GraphicsEngine.h">
      <Filter>Engine\Graphics\Core</Filter>
    </ClInclude>
    <ClInclude Include="Source\Engine\Graphics\Core\PixelShader.h">
      <Filter>Engine\Graphics\Core</Filter>
    </ClInclude>
    <ClInclude Include="Source\Engine\Graphics\Core\SwapChain.h">
      <Filter>Engine\Graphics\Core</Filter>
    </ClInclude>
    <ClInclude Include="Source\Engine\Graphics\Core\Vertex.h">
      <Filter>Engine\Graphics\Core</Filter>
    </ClInclude>
    <ClInclude Include="Source\Engine\Graphics\Core\VertexBuffer.h">
      <Filter>Engine\Graphics\Core</Filter>
    </ClInclude>
    <ClInclude Include="Source\Engine\Graphics\Core\VertexShader.h">
      <Filter>Engine\Graphics\Core</Filter>
    </ClInclude>
    <ClInclude Include="Source\Engine\Graphics\RenderSystem.h">
      <Filter>Engine\Graphics</Filter>
    </ClInclude>
    <ClInclude Include="Source\Engine\Utils\Color32.h">
      <Filter>Engine\Utils</Filter>
    </ClInclude>
    <ClInclude Include="Source\Engine\Utils\Debug.h">
      <Filter>Engine\Utils</Filter>
    </ClInclude>
    <ClInclude Include="Source\Engine\Utils\Math.h">
      <Filter>Engine\Utils</Filter>
    </ClInclude>
    <ClInclude Include="Source\Engine\Utils\Pointers.h">
      <Filter>Engine\Utils</Filter>
    </ClInclude>
    <ClInclude Include="Source\Engine\Window.h">
      <Filter>Engine</Filter>
    </ClInclude>
    <ClInclude Include="Source\pch.h" />
  </ItemGroup>
  <ItemGroup>
    <ClCompile Include="Source\App\AppWindow.cpp">
      <Filter>App</Filter>
    </ClCompile>
    <ClCompile Include="Source\App\Main.cpp">
      <Filter>App</Filter>
    </ClCompile>
    <ClCompile Include="Source\Engine\Graphics\Core\ConstantBuffer.cpp">
      <Filter>Engine\Graphics\Core</Filter>
    </ClCompile>
    <ClCompile Include="Source\Engine\Graphics\Core\DeviceContext.cpp">
      <Filter>Engine\Graphics\Core</Filter>
    </ClCompile>
    <ClCompile Include="Source\Engine\Graphics\Core\GraphicsEngine.cpp">
      <Filter>Engine\Graphics\Core</Filter>
    </ClCompile>
    <ClCompile Include="Source\Engine\Graphics\Core\PixelShader.cpp">
      <Filter>Engine\Graphics\Core</Filter>
    </ClCompile>
    <ClCompile Include="Source\Engine\Graphics\Core\SwapChain.cpp">
      <Filter>Engine\Graphics\Core</Filter>
    </ClCompile>
    <ClCompile Include="Source\Engine\Graphics\Core\Vertex.cpp">
      <Filter>Engine\Graphics\Core</Filter>
    </ClCompile>
    <ClCompile Include="Source\Engine\Graphics\Core\VertexBuffer.cpp">
      <Filter>Engine\Graphics\Core</Filter>
    </ClCompile>
    <ClCompile Include="Source\Engine\Graphics\Core\VertexShader.cpp">
      <Filter>Engine\Graphics\Core</Filter>
    </ClCompile>
    <ClCompile Include="Source\Engine\Graphics\RenderSystem.cpp">
      <Filter>Engine\Graphics</Filter>
    </ClCompile>
    <ClCompile Include="Source\Engine\Window.cpp">
      <Filter>Engine</Filter>
    </ClCompile>
    <ClCompile Include="Source\pch.cpp" />
  </ItemGroup>
</Project>